
Microsoft Visual Studio Solution File, Format Version 12.00
# Visual Studio Version 17
VisualStudioVersion = 17.8.34316.72
MinimumVisualStudioVersion = 10.0.40219.1
Project("{9A19103F-16F7-4668-BE54-9A1E7A4F7556}") = "OnlineBookStore_Ass", "OnlineBookStore_Ass\OnlineBookStore_Ass.csproj", "{87568D3A-BE07-4F45-89D5-31BD37896330}"
EndProject
Project("{9A19103F-16F7-4668-BE54-9A1E7A4F7556}") = "OnlineBookStore_Ass.Domain", "OnlineBookStore_Ass.Domain\OnlineBookStore_Ass.Domain.csproj", "{3101CCC2-E0E4-43D0-87D1-2E69C811FF80}"
EndProject
Project("{9A19103F-16F7-4668-BE54-9A1E7A4F7556}") = "OnlineBookStore_Ass.Data", "OnlineBookStore_Ass.Data\OnlineBookStore_Ass.Data.csproj", "{4FD6EC89-EA98-4110-A108-BC8DCBC782EF}"
EndProject
Project("{9A19103F-16F7-4668-BE54-9A1E7A4F7556}") = "OnlineBookStore_Ass.Services", "OnlineBookStore_Ass.Services\OnlineBookStore_Ass.Services.csproj", "{038A5011-90E7-4696-B09E-819BC9801C37}"
EndProject
Project("{FAE04EC0-301F-11D3-BF4B-00C04F79EFBC}") = "MigrationRunner", "MigrationRunner\MigrationRunner.csproj", "{161C83C2-9882-4C7D-B325-F0472DF9B238}"
EndProject
Global
	GlobalSection(SolutionConfigurationPlatforms) = preSolution
		Debug|Any CPU = Debug|Any CPU
		Release|Any CPU = Release|Any CPU
	EndGlobalSection
	GlobalSection(ProjectConfigurationPlatforms) = postSolution
		{87568D3A-BE07-4F45-89D5-31BD37896330}.Debug|Any CPU.ActiveCfg = Debug|Any CPU
		{87568D3A-BE07-4F45-89D5-31BD37896330}.Debug|Any CPU.Build.0 = Debug|Any CPU
		{87568D3A-BE07-4F45-89D5-31BD37896330}.Release|Any CPU.ActiveCfg = Release|Any CPU
		{87568D3A-BE07-4F45-89D5-31BD37896330}.Release|Any CPU.Build.0 = Release|Any CPU
		{3101CCC2-E0E4-43D0-87D1-2E69C811FF80}.Debug|Any CPU.ActiveCfg = Debug|Any CPU
		{3101CCC2-E0E4-43D0-87D1-2E69C811FF80}.Debug|Any CPU.Build.0 = Debug|Any CPU
		{3101CCC2-E0E4-43D0-87D1-2E69C811FF80}.Release|Any CPU.ActiveCfg = Release|Any CPU
		{3101CCC2-E0E4-43D0-87D1-2E69C811FF80}.Release|Any CPU.Build.0 = Release|Any CPU
		{4FD6EC89-EA98-4110-A108-BC8DCBC782EF}.Debug|Any CPU.ActiveCfg = Debug|Any CPU
		{4FD6EC89-EA98-4110-A108-BC8DCBC782EF}.Debug|Any CPU.Build.0 = Debug|Any CPU
		{4FD6EC89-EA98-4110-A108-BC8DCBC782EF}.Release|Any CPU.ActiveCfg = Release|Any CPU
		{4FD6EC89-EA98-4110-A108-BC8DCBC782EF}.Release|Any CPU.Build.0 = Release|Any CPU
		{038A5011-90E7-4696-B09E-819BC9801C37}.Debug|Any CPU.ActiveCfg = Debug|Any CPU
		{038A5011-90E7-4696-B09E-819BC9801C37}.Debug|Any CPU.Build.0 = Debug|Any CPU
		{038A5011-90E7-4696-B09E-819BC9801C37}.Release|Any CPU.ActiveCfg = Release|Any CPU
		{038A5011-90E7-4696-B09E-819BC9801C37}.Release|Any CPU.Build.0 = Release|Any CPU
		{161C83C2-9882-4C7D-B325-F0472DF9B238}.Debug|Any CPU.ActiveCfg = Debug|Any CPU
		{161C83C2-9882-4C7D-B325-F0472DF9B238}.Debug|Any CPU.Build.0 = Debug|Any CPU
		{161C83C2-9882-4C7D-B325-F0472DF9B238}.Release|Any CPU.ActiveCfg = Release|Any CPU
		{161C83C2-9882-4C7D-B325-F0472DF9B238}.Release|Any CPU.Build.0 = Release|Any CPU
	EndGlobalSection
	GlobalSection(SolutionProperties) = preSolution
		HideSolutionNode = FALSE
	EndGlobalSection
	GlobalSection(ExtensibilityGlobals) = postSolution
		SolutionGuid = {B68122CB-4FA9-4296-9099-BFB440D9824F}
	EndGlobalSection
EndGlobal
